
Microsoft Visual Studio Solution File, Format Version 12.00
# Visual Studio Version 17
VisualStudioVersion = 17.0.32112.339
MinimumVisualStudioVersion = 10.0.40219.1
Project("{FAE04EC0-301F-11D3-BF4B-00C04F79EFBC}") = "dissk", "dissk\dissk.csproj", "{E362DAB1-682C-4FFA-B978-1836A8530EB6}"
EndProject
Global
	GlobalSection(SolutionConfigurationPlatforms) = preSolution
		Debug|Any CPU = Debug|Any CPU
		Release|Any CPU = Release|Any CPU
	EndGlobalSection
	GlobalSection(ProjectConfigurationPlatforms) = postSolution
		{E362DAB1-682C-4FFA-B978-1836A8530EB6}.Debug|Any CPU.ActiveCfg = Debug|Any CPU
		{E362DAB1-682C-4FFA-B978-1836A8530EB6}.Debug|Any CPU.Build.0 = Debug|Any CPU
		{E362DAB1-682C-4FFA-B978-1836A8530EB6}.Release|Any CPU.ActiveCfg = Release|Any CPU
		{E362DAB1-682C-4FFA-B978-1836A8530EB6}.Release|Any CPU.Build.0 = Release|Any CPU
	EndGlobalSection
	GlobalSection(SolutionProperties) = preSolution
		HideSolutionNode = FALSE
	EndGlobalSection
	GlobalSection(ExtensibilityGlobals) = postSolution
		SolutionGuid = {B3F2544B-D5F3-4157-9F93-351CD1731B14}
	EndGlobalSection
EndGlobal
